
Microsoft Visual Studio Solution File, Format Version 12.00
Project("{FAE04EC0-301F-11D3-BF4B-00C04F79EFBC}") = "Offers", "Offers\Offers.csproj", "{D85B7469-2B2B-4F51-AE45-468AAC8BEA61}"
EndProject
Project("{FAE04EC0-301F-11D3-BF4B-00C04F79EFBC}") = "Offers.Tests", "Offers.Tests\Offers.Tests.csproj", "{58494F9A-BBD6-49B0-AF85-6C5312B89DC1}"
EndProject
Global
	GlobalSection(SolutionConfigurationPlatforms) = preSolution
		Debug|Any CPU = Debug|Any CPU
		Release|Any CPU = Release|Any CPU
	EndGlobalSection
	GlobalSection(ProjectConfigurationPlatforms) = postSolution
		{D85B7469-2B2B-4F51-AE45-468AAC8BEA61}.Debug|Any CPU.ActiveCfg = Debug|Any CPU
		{D85B7469-2B2B-4F51-AE45-468AAC8BEA61}.Debug|Any CPU.Build.0 = Debug|Any CPU
		{D85B7469-2B2B-4F51-AE45-468AAC8BEA61}.Release|Any CPU.ActiveCfg = Release|Any CPU
		{D85B7469-2B2B-4F51-AE45-468AAC8BEA61}.Release|Any CPU.Build.0 = Release|Any CPU
		{58494F9A-BBD6-49B0-AF85-6C5312B89DC1}.Debug|Any CPU.ActiveCfg = Debug|Any CPU
		{58494F9A-BBD6-49B0-AF85-6C5312B89DC1}.Debug|Any CPU.Build.0 = Debug|Any CPU
		{58494F9A-BBD6-49B0-AF85-6C5312B89DC1}.Release|Any CPU.ActiveCfg = Release|Any CPU
		{58494F9A-BBD6-49B0-AF85-6C5312B89DC1}.Release|Any CPU.Build.0 = Release|Any CPU
	EndGlobalSection
EndGlobal
